
Microsoft Visual Studio Solution File, Format Version 12.00
# Visual Studio 15
VisualStudioVersion = 15.0.27130.2010
MinimumVisualStudioVersion = 10.0.40219.1
Project("{FF286327-C783-4F7A-AB73-9BCBAD0D4460}") = "Nuget.nanoFramework.Hardware.ESP32", "Nuget.nanoFramework.Hardware.ESP32\Nuget.nanoFramework.Hardware.ESP32.nuproj", "{96EABA11-6A33-454D-A7B2-B96CA5617E8C}"
EndProject
Project("{FF286327-C783-4F7A-AB73-9BCBAD0D4460}") = "Nuget.nanoFramework.Hardware.ESP32.DELIVERABLES", "Nuget.nanoFramework.Hardware.ESP32.DELIVERABLES\Nuget.nanoFramework.Hardware.ESP32.DELIVERABLES.nuproj", "{8FD36AD6-387C-48F0-A695-52D9149216FB}"
EndProject
Project("{2150E333-8FDC-42A3-9474-1A3956D46DE8}") = ".nuget", ".nuget", "{5112CDA3-5653-4C07-8D75-97F1160D3F70}"
	ProjectSection(SolutionItems) = preProject
		packages.config = packages.config
	EndProjectSection
EndProject
Global
	GlobalSection(SolutionConfigurationPlatforms) = preSolution
		Debug|Any CPU = Debug|Any CPU
		Release|Any CPU = Release|Any CPU
	EndGlobalSection
	GlobalSection(ProjectConfigurationPlatforms) = postSolution
		{96EABA11-6A33-454D-A7B2-B96CA5617E8C}.Debug|Any CPU.ActiveCfg = Debug|Any CPU
		{96EABA11-6A33-454D-A7B2-B96CA5617E8C}.Debug|Any CPU.Build.0 = Debug|Any CPU
		{96EABA11-6A33-454D-A7B2-B96CA5617E8C}.Release|Any CPU.ActiveCfg = Release|Any CPU
		{96EABA11-6A33-454D-A7B2-B96CA5617E8C}.Release|Any CPU.Build.0 = Release|Any CPU
		{8FD36AD6-387C-48F0-A695-52D9149216FB}.Debug|Any CPU.ActiveCfg = Debug|Any CPU
		{8FD36AD6-387C-48F0-A695-52D9149216FB}.Debug|Any CPU.Build.0 = Debug|Any CPU
		{8FD36AD6-387C-48F0-A695-52D9149216FB}.Release|Any CPU.ActiveCfg = Release|Any CPU
		{8FD36AD6-387C-48F0-A695-52D9149216FB}.Release|Any CPU.Build.0 = Release|Any CPU
	EndGlobalSection
	GlobalSection(SolutionProperties) = preSolution
		HideSolutionNode = FALSE
	EndGlobalSection
	GlobalSection(ExtensibilityGlobals) = postSolution
		SolutionGuid = {73E274E0-8DFA-4D6F-BB7F-C312EA584FEE}
	EndGlobalSection
EndGlobal
