{
  "version": 1,
  "dependencies": {
    ".NETnanoFramework,Version=v1.0": {
      "nanoFramework.CoreLibrary": {
        "type": "Direct",
        "requested": "[2.0.0-preview.32, 2.0.0-preview.32]",
        "resolved": "2.0.0-preview.32",
        "contentHash": "DZ0CI92bJCTQ+2pGJiRxcqYEzmjMppg2elFZEZCGB6kUPjUoGV8o+NnFb5bn2X0Nl+b+8Wq5BLzGBbn8C05oKQ=="
      },
      "nanoFramework.Runtime.Events": {
        "type": "Direct",
        "requested": "[2.0.0-preview.6, 2.0.0-preview.6]",
        "resolved": "2.0.0-preview.6",
        "contentHash": "l7ZISc/+3eRSJ1caPDLZecGTrYgair8dzmXlgdNuy28YOhfHnNar6AK6ACpUM5pmH5ewCaQUgpNmIiiKp2XwBg=="
      },
      "Nerdbank.GitVersioning": {
        "type": "Direct",
        "requested": "[3.9.50, 3.9.50]",
        "resolved": "3.9.50",
        "contentHash": "HtOgGF6jZ+WYbXnCUCYPT8Y2d6mIJo9ozjK/FINTRsXdm4Zgv9GehUMa7EFoGQkqrMcDJNOIDwCmENnvXg4UbA=="
      }
    }
  }
}