{
  "version": 1,
  "dependencies": {
    ".NETnanoFramework,Version=v1.0": {
      "nanoFramework.CoreLibrary": {
        "type": "Direct",
        "requested": "[2.0.0-preview.30, 2.0.0-preview.30]",
        "resolved": "2.0.0-preview.30",
        "contentHash": "Fz+5L0yOpe0ZoBpVRqH8G8Dr18OoXVE6sKertR/bPuWyOJiO42enlarudfv91/gpJXFkQGNCCdXpHWpoc77jyg=="
      },
      "nanoFramework.Runtime.Events": {
        "type": "Direct",
        "requested": "[2.0.0-preview.5, 2.0.0-preview.5]",
        "resolved": "2.0.0-preview.5",
        "contentHash": "NmmnwN/vEYEC94nL9nNqh0C5/BrLF60DzIzRsnGNACkpSJ+JSQYPsz3wgti1r7OhvgEprTjPeO3Fc7XGw/2Y8w=="
      },
      "Nerdbank.GitVersioning": {
        "type": "Direct",
        "requested": "[3.9.50, 3.9.50]",
        "resolved": "3.9.50",
        "contentHash": "HtOgGF6jZ+WYbXnCUCYPT8Y2d6mIJo9ozjK/FINTRsXdm4Zgv9GehUMa7EFoGQkqrMcDJNOIDwCmENnvXg4UbA=="
      }
    }
  }
}